// !$*UTF8*$!
{
	archiveVersion = 1;
	classes = {
	};
	objectVersion = 39;
	objects = {
		080E96DDFE201D6D7F000001 = {
			children = (
				D469A7070736414D00A21846,
				D469A7080736414D00A21846,
				D469A7200736C9DC00A21846,
				D469A7210736C9DC00A21846,
				D41D31F9073756E20083C748,
				D41D31FA073756E20083C748,
				D43740B00740C08000CC3F30,
				D43740B10740C08000CC3F30,
				D4D5EA9C07D2D59F008757C6,
				D4D5EA9D07D2D59F008757C6,
				D4714A680740C6C400EB4DBC,
				D4714A670740C6C400EB4DBC,
				D429DA8D08099A9800F41B25,
				D429DA8E08099A9800F41B25,
				D40495CE07D63A2D00B3C4BC,
				D40495CF07D63A2D00B3C4BC,
				D40495F307D6429200B3C4BC,
				D40495F407D6429200B3C4BC,
				D429DADE0809A85000F41B25,
				D429DADF0809A85000F41B25,
				D4CE8B26073B8D8900C1709D,
				D4CE8B27073B8D8900C1709D,
			);
			isa = PBXGroup;
			name = Classes;
			refType = 4;
			sourceTree = "<group>";
		};
		089C165CFE840E0CC02AAC07 = {
			children = (
				089C165DFE840E0CC02AAC07,
			);
			isa = PBXVariantGroup;
			name = InfoPlist.strings;
			refType = 4;
			sourceTree = "<group>";
		};
		089C165DFE840E0CC02AAC07 = {
			fileEncoding = 10;
			isa = PBXFileReference;
			lastKnownFileType = text.plist.strings;
			name = English;
			path = English.lproj/InfoPlist.strings;
			refType = 4;
			sourceTree = "<group>";
		};
//080
//081
//082
//083
//084
//100
//101
//102
//103
//104
		1058C7A0FEA54F0111CA2CBB = {
			children = (
				1058C7A1FEA54F0111CA2CBB,
			);
			isa = PBXGroup;
			name = "Linked Frameworks";
			refType = 4;
			sourceTree = "<group>";
		};
		1058C7A1FEA54F0111CA2CBB = {
			isa = PBXFileReference;
			lastKnownFileType = wrapper.framework;
			name = Cocoa.framework;
			path = /System/Library/Frameworks/Cocoa.framework;
			refType = 0;
			sourceTree = "<absolute>";
		};
		1058C7A2FEA54F0111CA2CBB = {
			children = (
				29B97325FDCFA39411CA2CEA,
				D4BF7CBF07478EA100FCCCE1,
				29B97324FDCFA39411CA2CEA,
			);
			isa = PBXGroup;
			name = "Other Frameworks";
			refType = 4;
			sourceTree = "<group>";
		};
//100
//101
//102
//103
//104
//190
//191
//192
//193
//194
		19C28FACFE9D520D11CA2CBB = {
			children = (
				D4E600D4081C299E00641C1D,
			);
			isa = PBXGroup;
			name = Products;
			refType = 4;
			sourceTree = "<group>";
		};
//190
//191
//192
//193
//194
//290
//291
//292
//293
//294
		29B97313FDCFA39411CA2CEA = {
			buildSettings = {
			};
			buildStyles = (
				4A9504CCFFE6A4B311CA0CBA,
				4A9504CDFFE6A4B311CA0CBA,
			);
			hasScannedForEncodings = 1;
			isa = PBXProject;
			mainGroup = 29B97314FDCFA39411CA2CEA;
			projectDirPath = "";
			targets = (
				8D1107260486CEB800E47090,
			);
		};
		29B97314FDCFA39411CA2CEA = {
			children = (
				080E96DDFE201D6D7F000001,
				29B97315FDCFA39411CA2CEA,
				29B97317FDCFA39411CA2CEA,
				29B97323FDCFA39411CA2CEA,
				19C28FACFE9D520D11CA2CBB,
				D489F0B907478B6900C7F2F1,
			);
			isa = PBXGroup;
			name = mTunes;
			path = "";
			refType = 4;
			sourceTree = "<group>";
		};
		29B97315FDCFA39411CA2CEA = {
			children = (
				32CA4F630368D1EE00C91783,
				29B97316FDCFA39411CA2CEA,
				D4D0BD070730E3D8006CB841,
				D4D0BD080730E3D8006CB841,
			);
			isa = PBXGroup;
			name = "Other Sources";
			path = "";
			refType = 4;
			sourceTree = "<group>";
		};
		29B97316FDCFA39411CA2CEA = {
			fileEncoding = 30;
			isa = PBXFileReference;
			lastKnownFileType = sourcecode.c.objc;
			path = main.m;
			refType = 4;
			sourceTree = "<group>";
		};
		29B97317FDCFA39411CA2CEA = {
			children = (
				8D1107310486CEB800E47090,
				D437C3BD081C1E3A0011F990,
				D437C3BE081C1E3A0011F990,
				D437C271081625A20011F990,
				D437C272081625A20011F990,
				D437C29408162B540011F990,
				D437C29508162B540011F990,
				D404960107D643CF00B3C4BC,
				D429DB3A080E569900F41B25,
				D429DAD50809A6E500F41B25,
				D489FFC907C474E400B545D1,
				089C165CFE840E0CC02AAC07,
				29B97318FDCFA39411CA2CEA,
			);
			isa = PBXGroup;
			name = Resources;
			path = "";
			refType = 4;
			sourceTree = "<group>";
		};
		29B97318FDCFA39411CA2CEA = {
			children = (
				29B97319FDCFA39411CA2CEA,
			);
			isa = PBXVariantGroup;
			name = MainMenu.nib;
			path = "";
			refType = 4;
			sourceTree = "<group>";
		};
		29B97319FDCFA39411CA2CEA = {
			isa = PBXFileReference;
			lastKnownFileType = wrapper.nib;
			name = English;
			path = English.lproj/MainMenu.nib;
			refType = 4;
			sourceTree = "<group>";
		};
		29B97323FDCFA39411CA2CEA = {
			children = (
				1058C7A0FEA54F0111CA2CBB,
				1058C7A2FEA54F0111CA2CBB,
			);
			isa = PBXGroup;
			name = Frameworks;
			path = "";
			refType = 4;
			sourceTree = "<group>";
		};
		29B97324FDCFA39411CA2CEA = {
			isa = PBXFileReference;
			lastKnownFileType = wrapper.framework;
			name = AppKit.framework;
			path = /System/Library/Frameworks/AppKit.framework;
			refType = 0;
			sourceTree = "<absolute>";
		};
		29B97325FDCFA39411CA2CEA = {
			isa = PBXFileReference;
			lastKnownFileType = wrapper.framework;
			name = Foundation.framework;
			path = /System/Library/Frameworks/Foundation.framework;
			refType = 0;
			sourceTree = "<absolute>";
		};
//290
//291
//292
//293
//294
//320
//321
//322
//323
//324
		32CA4F630368D1EE00C91783 = {
			fileEncoding = 4;
			isa = PBXFileReference;
			lastKnownFileType = sourcecode.c.h;
			path = TuneSift_Prefix.pch;
			refType = 4;
			sourceTree = "<group>";
		};
//320
//321
//322
//323
//324
//4A0
//4A1
//4A2
//4A3
//4A4
		4A9504CCFFE6A4B311CA0CBA = {
			buildSettings = {
				COPY_PHASE_STRIP = NO;
				DEBUGGING_SYMBOLS = YES;
				GCC_DYNAMIC_NO_PIC = NO;
				GCC_ENABLE_FIX_AND_CONTINUE = YES;
				GCC_GENERATE_DEBUGGING_SYMBOLS = YES;
				GCC_OPTIMIZATION_LEVEL = 0;
				OPTIMIZATION_CFLAGS = "-O0";
				ZERO_LINK = YES;
			};
			isa = PBXBuildStyle;
			name = Development;
		};
		4A9504CDFFE6A4B311CA0CBA = {
			buildSettings = {
				COPY_PHASE_STRIP = YES;
				GCC_ENABLE_FIX_AND_CONTINUE = NO;
				ZERO_LINK = NO;
			};
			isa = PBXBuildStyle;
			name = Deployment;
		};
//4A0
//4A1
//4A2
//4A3
//4A4
//8D0
//8D1
//8D2
//8D3
//8D4
		8D1107260486CEB800E47090 = {
			buildPhases = (
				8D1107270486CEB800E47090,
				8D1107290486CEB800E47090,
				8D11072C0486CEB800E47090,
				8D11072E0486CEB800E47090,
			);
			buildRules = (
			);
			buildSettings = {
				FRAMEWORK_SEARCH_PATHS = "";
				GCC_ENABLE_TRIGRAPHS = NO;
				GCC_GENERATE_DEBUGGING_SYMBOLS = NO;
				GCC_PRECOMPILE_PREFIX_HEADER = YES;
				GCC_PREFIX_HEADER = TuneSift_Prefix.pch;
				GCC_WARN_ABOUT_MISSING_PROTOTYPES = NO;
				GCC_WARN_FOUR_CHARACTER_CONSTANTS = NO;
				GCC_WARN_UNKNOWN_PRAGMAS = NO;
				HEADER_SEARCH_PATHS = "";
				INFOPLIST_FILE = Info.plist;
				INSTALL_PATH = "$(HOME)/Applications";
				LIBRARY_SEARCH_PATHS = "";
				OTHER_CFLAGS = "";
				OTHER_LDFLAGS = "";
				PRODUCT_NAME = TuneSift;
				SECTORDER_FLAGS = "";
				SYMROOT = "";
				WARNING_CFLAGS = "-Wmost -Wno-four-char-constants -Wno-unknown-pragmas";
				WRAPPER_EXTENSION = app;
			};
			comments = "TuneSift icon library remote accessor.";
			dependencies = (
			);
			isa = PBXNativeTarget;
			name = TuneSift;
			productInstallPath = "$(HOME)/Applications";
			productName = mTunes;
			productReference = D4E600D4081C299E00641C1D;
			productType = "com.apple.product-type.application";
		};
		8D1107270486CEB800E47090 = {
			buildActionMask = 2147483647;
			files = (
				8D1107280486CEB800E47090,
				D4D0BD090730E3D8006CB841,
				D469A7090736414D00A21846,
				D469A7220736C9DC00A21846,
				D41D31FB073756E20083C748,
				D4CE8B28073B8D8900C1709D,
				D43740B20740C08000CC3F30,
				D4714A6A0740C6C400EB4DBC,
				D4D5EA9E07D2D59F008757C6,
				D40495D007D63A2D00B3C4BC,
				D40495F507D6429200B3C4BC,
				D429DA8F08099A9800F41B25,
				D429DAE00809A85000F41B25,
			);
			isa = PBXHeadersBuildPhase;
			runOnlyForDeploymentPostprocessing = 0;
		};
		8D1107280486CEB800E47090 = {
			fileRef = 32CA4F630368D1EE00C91783;
			isa = PBXBuildFile;
			settings = {
			};
		};
		8D1107290486CEB800E47090 = {
			buildActionMask = 2147483647;
			files = (
				8D11072A0486CEB800E47090,
				8D11072B0486CEB800E47090,
				D489FFCA07C474E400B545D1,
				D404960207D643CF00B3C4BC,
				D429DAD60809A6E500F41B25,
				D429DB3B080E569900F41B25,
				D437C273081625A20011F990,
				D437C274081625A20011F990,
				D437C29608162B540011F990,
				D437C29708162B540011F990,
				D437C3BF081C1E3A0011F990,
				D437C3C0081C1E3A0011F990,
			);
			isa = PBXResourcesBuildPhase;
			runOnlyForDeploymentPostprocessing = 0;
		};
		8D11072A0486CEB800E47090 = {
			fileRef = 29B97318FDCFA39411CA2CEA;
			isa = PBXBuildFile;
			settings = {
			};
		};
		8D11072B0486CEB800E47090 = {
			fileRef = 089C165CFE840E0CC02AAC07;
			isa = PBXBuildFile;
			settings = {
			};
		};
		8D11072C0486CEB800E47090 = {
			buildActionMask = 2147483647;
			files = (
				8D11072D0486CEB800E47090,
				D4D0BD0A0730E3D8006CB841,
				D469A70A0736414D00A21846,
				D469A7230736C9DC00A21846,
				D41D31FC073756E20083C748,
				D4CE8B29073B8D8900C1709D,
				D43740B30740C08000CC3F30,
				D4714A690740C6C400EB4DBC,
				D4D5EA9F07D2D59F008757C6,
				D40495D107D63A2D00B3C4BC,
				D40495F607D6429200B3C4BC,
				D429DA9008099A9800F41B25,
				D429DAE10809A85000F41B25,
			);
			isa = PBXSourcesBuildPhase;
			runOnlyForDeploymentPostprocessing = 0;
		};
		8D11072D0486CEB800E47090 = {
			fileRef = 29B97316FDCFA39411CA2CEA;
			isa = PBXBuildFile;
			settings = {
				ATTRIBUTES = (
				);
			};
		};
		8D11072E0486CEB800E47090 = {
			buildActionMask = 2147483647;
			files = (
				8D11072F0486CEB800E47090,
				D4BF7CC007478EA100FCCCE1,
			);
			isa = PBXFrameworksBuildPhase;
			runOnlyForDeploymentPostprocessing = 0;
		};
		8D11072F0486CEB800E47090 = {
			fileRef = 1058C7A1FEA54F0111CA2CBB;
			isa = PBXBuildFile;
			settings = {
			};
		};
		8D1107310486CEB800E47090 = {
			fileEncoding = 4;
			isa = PBXFileReference;
			lastKnownFileType = text.plist;
			path = Info.plist;
			refType = 4;
			sourceTree = "<group>";
		};
//8D0
//8D1
//8D2
//8D3
//8D4
//D40
//D41
//D42
//D43
//D44
		D40495CE07D63A2D00B3C4BC = {
			fileEncoding = 4;
			isa = PBXFileReference;
			lastKnownFileType = sourcecode.c.h;
			path = ActionDisplayBGView.h;
			refType = 4;
			sourceTree = "<group>";
		};
		D40495CF07D63A2D00B3C4BC = {
			fileEncoding = 4;
			isa = PBXFileReference;
			lastKnownFileType = sourcecode.c.objc;
			path = ActionDisplayBGView.m;
			refType = 4;
			sourceTree = "<group>";
		};
		D40495D007D63A2D00B3C4BC = {
			fileRef = D40495CE07D63A2D00B3C4BC;
			isa = PBXBuildFile;
			settings = {
			};
		};
		D40495D107D63A2D00B3C4BC = {
			fileRef = D40495CF07D63A2D00B3C4BC;
			isa = PBXBuildFile;
			settings = {
			};
		};
		D40495F307D6429200B3C4BC = {
			fileEncoding = 4;
			isa = PBXFileReference;
			lastKnownFileType = sourcecode.c.h;
			path = ActionDisplayIconPanel.h;
			refType = 4;
			sourceTree = "<group>";
		};
		D40495F407D6429200B3C4BC = {
			fileEncoding = 4;
			isa = PBXFileReference;
			lastKnownFileType = sourcecode.c.objc;
			path = ActionDisplayIconPanel.m;
			refType = 4;
			sourceTree = "<group>";
		};
		D40495F507D6429200B3C4BC = {
			fileRef = D40495F307D6429200B3C4BC;
			isa = PBXBuildFile;
			settings = {
			};
		};
		D40495F607D6429200B3C4BC = {
			fileRef = D40495F407D6429200B3C4BC;
			isa = PBXBuildFile;
			settings = {
			};
		};
		D404960107D643CF00B3C4BC = {
			isa = PBXFileReference;
			lastKnownFileType = image.tiff;
			name = headsupBG.tif;
			path = graphics/headsupBG.tif;
			refType = 4;
			sourceTree = "<group>";
		};
		D404960207D643CF00B3C4BC = {
			fileRef = D404960107D643CF00B3C4BC;
			isa = PBXBuildFile;
			settings = {
			};
		};
		D41D31F9073756E20083C748 = {
			fileEncoding = 4;
			isa = PBXFileReference;
			lastKnownFileType = sourcecode.c.h;
			path = SongSearchPanel.h;
			refType = 4;
			sourceTree = "<group>";
		};
		D41D31FA073756E20083C748 = {
			fileEncoding = 4;
			isa = PBXFileReference;
			lastKnownFileType = sourcecode.c.objc;
			path = SongSearchPanel.m;
			refType = 4;
			sourceTree = "<group>";
		};
		D41D31FB073756E20083C748 = {
			fileRef = D41D31F9073756E20083C748;
			isa = PBXBuildFile;
			settings = {
			};
		};
		D41D31FC073756E20083C748 = {
			fileRef = D41D31FA073756E20083C748;
			isa = PBXBuildFile;
			settings = {
			};
		};
		D429DA8D08099A9800F41B25 = {
			fileEncoding = 4;
			isa = PBXFileReference;
			lastKnownFileType = sourcecode.c.h;
			path = ActionBGPanel.h;
			refType = 4;
			sourceTree = "<group>";
		};
		D429DA8E08099A9800F41B25 = {
			fileEncoding = 4;
			isa = PBXFileReference;
			lastKnownFileType = sourcecode.c.objc;
			path = ActionBGPanel.m;
			refType = 4;
			sourceTree = "<group>";
		};
		D429DA8F08099A9800F41B25 = {
			fileRef = D429DA8D08099A9800F41B25;
			isa = PBXBuildFile;
			settings = {
			};
		};
		D429DA9008099A9800F41B25 = {
			fileRef = D429DA8E08099A9800F41B25;
			isa = PBXBuildFile;
			settings = {
			};
		};
		D429DAD50809A6E500F41B25 = {
			isa = PBXFileReference;
			lastKnownFileType = image.tiff;
			name = headsupShuffleOff.tif;
			path = graphics/headsupShuffleOff.tif;
			refType = 4;
			sourceTree = "<group>";
		};
		D429DAD60809A6E500F41B25 = {
			fileRef = D429DAD50809A6E500F41B25;
			isa = PBXBuildFile;
			settings = {
			};
		};
		D429DADE0809A85000F41B25 = {
			fileEncoding = 4;
			isa = PBXFileReference;
			lastKnownFileType = sourcecode.c.h;
			path = ActionDisplayIconView.h;
			refType = 4;
			sourceTree = "<group>";
		};
		D429DADF0809A85000F41B25 = {
			fileEncoding = 4;
			isa = PBXFileReference;
			lastKnownFileType = sourcecode.c.objc;
			path = ActionDisplayIconView.m;
			refType = 4;
			sourceTree = "<group>";
		};
		D429DAE00809A85000F41B25 = {
			fileRef = D429DADE0809A85000F41B25;
			isa = PBXBuildFile;
			settings = {
			};
		};
		D429DAE10809A85000F41B25 = {
			fileRef = D429DADF0809A85000F41B25;
			isa = PBXBuildFile;
			settings = {
			};
		};
		D429DB3A080E569900F41B25 = {
			isa = PBXFileReference;
			lastKnownFileType = image.tiff;
			name = headsupShuffleOn.tif;
			path = graphics/headsupShuffleOn.tif;
			refType = 4;
			sourceTree = "<group>";
		};
		D429DB3B080E569900F41B25 = {
			fileRef = D429DB3A080E569900F41B25;
			isa = PBXBuildFile;
			settings = {
			};
		};
		D43740B00740C08000CC3F30 = {
			fileEncoding = 4;
			isa = PBXFileReference;
			lastKnownFileType = sourcecode.c.h;
			path = SearchResultsSource.h;
			refType = 4;
			sourceTree = "<group>";
		};
		D43740B10740C08000CC3F30 = {
			fileEncoding = 4;
			isa = PBXFileReference;
			lastKnownFileType = sourcecode.c.objc;
			path = SearchResultsSource.m;
			refType = 4;
			sourceTree = "<group>";
		};
		D43740B20740C08000CC3F30 = {
			fileRef = D43740B00740C08000CC3F30;
			isa = PBXBuildFile;
			settings = {
			};
		};
		D43740B30740C08000CC3F30 = {
			fileRef = D43740B10740C08000CC3F30;
			isa = PBXBuildFile;
			settings = {
			};
		};
		D437C271081625A20011F990 = {
			isa = PBXFileReference;
			lastKnownFileType = image.tiff;
			name = backicon.tif;
			path = graphics/backicon.tif;
			refType = 4;
			sourceTree = "<group>";
		};
		D437C272081625A20011F990 = {
			isa = PBXFileReference;
			lastKnownFileType = image.tiff;
			name = forwardicon.tif;
			path = graphics/forwardicon.tif;
			refType = 4;
			sourceTree = "<group>";
		};
		D437C273081625A20011F990 = {
			fileRef = D437C271081625A20011F990;
			isa = PBXBuildFile;
			settings = {
			};
		};
		D437C274081625A20011F990 = {
			fileRef = D437C272081625A20011F990;
			isa = PBXBuildFile;
			settings = {
			};
		};
		D437C29408162B540011F990 = {
			isa = PBXFileReference;
			lastKnownFileType = image.tiff;
			name = pauseicon.tif;
			path = graphics/pauseicon.tif;
			refType = 4;
			sourceTree = "<group>";
		};
		D437C29508162B540011F990 = {
			isa = PBXFileReference;
			lastKnownFileType = image.tiff;
			name = playicon.tif;
			path = graphics/playicon.tif;
			refType = 4;
			sourceTree = "<group>";
		};
		D437C29608162B540011F990 = {
			fileRef = D437C29408162B540011F990;
			isa = PBXBuildFile;
			settings = {
			};
		};
		D437C29708162B540011F990 = {
			fileRef = D437C29508162B540011F990;
			isa = PBXBuildFile;
			settings = {
			};
		};
		D437C3BD081C1E3A0011F990 = {
			isa = PBXFileReference;
			lastKnownFileType = image.jpeg;
			name = menuarrow.jpg;
			path = graphics/menuarrow.jpg;
			refType = 4;
			sourceTree = "<group>";
		};
		D437C3BE081C1E3A0011F990 = {
			isa = PBXFileReference;
			lastKnownFileType = image.gif;
			name = "menuarrow-1.gif";
			path = "graphics/menuarrow-1.gif";
			refType = 4;
			sourceTree = "<group>";
		};
		D437C3BF081C1E3A0011F990 = {
			fileRef = D437C3BD081C1E3A0011F990;
			isa = PBXBuildFile;
			settings = {
			};
		};
		D437C3C0081C1E3A0011F990 = {
			fileRef = D437C3BE081C1E3A0011F990;
			isa = PBXBuildFile;
			settings = {
			};
		};
		D469A7070736414D00A21846 = {
			fileEncoding = 4;
			isa = PBXFileReference;
			lastKnownFileType = sourcecode.c.h;
			path = HeadsUpWindow.h;
			refType = 4;
			sourceTree = "<group>";
		};
		D469A7080736414D00A21846 = {
			fileEncoding = 4;
			isa = PBXFileReference;
			lastKnownFileType = sourcecode.c.objc;
			path = HeadsUpWindow.m;
			refType = 4;
			sourceTree = "<group>";
		};
		D469A7090736414D00A21846 = {
			fileRef = D469A7070736414D00A21846;
			isa = PBXBuildFile;
			settings = {
			};
		};
		D469A70A0736414D00A21846 = {
			fileRef = D469A7080736414D00A21846;
			isa = PBXBuildFile;
			settings = {
			};
		};
		D469A7200736C9DC00A21846 = {
			fileEncoding = 4;
			isa = PBXFileReference;
			lastKnownFileType = sourcecode.c.h;
			path = StringBox.h;
			refType = 4;
			sourceTree = "<group>";
		};
		D469A7210736C9DC00A21846 = {
			fileEncoding = 4;
			isa = PBXFileReference;
			lastKnownFileType = sourcecode.c.objc;
			path = StringBox.m;
			refType = 4;
			sourceTree = "<group>";
		};
		D469A7220736C9DC00A21846 = {
			fileRef = D469A7200736C9DC00A21846;
			isa = PBXBuildFile;
			settings = {
			};
		};
		D469A7230736C9DC00A21846 = {
			fileRef = D469A7210736C9DC00A21846;
			isa = PBXBuildFile;
			settings = {
			};
		};
		D4714A670740C6C400EB4DBC = {
			fileEncoding = 30;
			isa = PBXFileReference;
			lastKnownFileType = sourcecode.c.objc;
			path = SearchResultsView.m;
			refType = 4;
			sourceTree = "<group>";
		};
		D4714A680740C6C400EB4DBC = {
			fileEncoding = 30;
			isa = PBXFileReference;
			lastKnownFileType = sourcecode.c.h;
			path = SearchResultsView.h;
			refType = 4;
			sourceTree = "<group>";
		};
		D4714A690740C6C400EB4DBC = {
			fileRef = D4714A670740C6C400EB4DBC;
			isa = PBXBuildFile;
			settings = {
			};
		};
		D4714A6A0740C6C400EB4DBC = {
			fileRef = D4714A680740C6C400EB4DBC;
			isa = PBXBuildFile;
			settings = {
			};
		};
		D489F0B907478B6900C7F2F1 = {
			isa = PBXFileReference;
			lastKnownFileType = text.xml;
			name = "mTunes-real-Info.plist";
			path = "/Users/malcolm/Development/mTunes/mTunes-real-Info.plist";
			refType = 0;
			sourceTree = "<absolute>";
		};
		D489FFC907C474E400B545D1 = {
			isa = PBXFileReference;
			lastKnownFileType = image.tiff;
			name = PanelBG2.tif;
			path = graphics/PanelBG2.tif;
			refType = 4;
			sourceTree = "<group>";
		};
		D489FFCA07C474E400B545D1 = {
			fileRef = D489FFC907C474E400B545D1;
			isa = PBXBuildFile;
			settings = {
			};
		};
		D4BF7CBF07478EA100FCCCE1 = {
			isa = PBXFileReference;
			lastKnownFileType = wrapper.framework;
			name = Carbon.framework;
			path = /System/Library/Frameworks/Carbon.framework;
			refType = 0;
			sourceTree = "<absolute>";
		};
		D4BF7CC007478EA100FCCCE1 = {
			fileRef = D4BF7CBF07478EA100FCCCE1;
			isa = PBXBuildFile;
			settings = {
			};
		};
		D4CE8B26073B8D8900C1709D = {
			fileEncoding = 4;
			isa = PBXFileReference;
			lastKnownFileType = sourcecode.c.h;
			path = SearchPanelView.h;
			refType = 4;
			sourceTree = "<group>";
		};
		D4CE8B27073B8D8900C1709D = {
			fileEncoding = 4;
			isa = PBXFileReference;
			lastKnownFileType = sourcecode.c.objc;
			path = SearchPanelView.m;
			refType = 4;
			sourceTree = "<group>";
		};
		D4CE8B28073B8D8900C1709D = {
			fileRef = D4CE8B26073B8D8900C1709D;
			isa = PBXBuildFile;
			settings = {
			};
		};
		D4CE8B29073B8D8900C1709D = {
			fileRef = D4CE8B27073B8D8900C1709D;
			isa = PBXBuildFile;
			settings = {
			};
		};
		D4D0BD070730E3D8006CB841 = {
			fileEncoding = 4;
			isa = PBXFileReference;
			lastKnownFileType = sourcecode.c.h;
			path = TuneSiftInterface.h;
			refType = 4;
			sourceTree = "<group>";
		};
		D4D0BD080730E3D8006CB841 = {
			fileEncoding = 4;
			isa = PBXFileReference;
			lastKnownFileType = sourcecode.c.objc;
			path = TuneSiftInterface.m;
			refType = 4;
			sourceTree = "<group>";
		};
		D4D0BD090730E3D8006CB841 = {
			fileRef = D4D0BD070730E3D8006CB841;
			isa = PBXBuildFile;
			settings = {
			};
		};
		D4D0BD0A0730E3D8006CB841 = {
			fileRef = D4D0BD080730E3D8006CB841;
			isa = PBXBuildFile;
			settings = {
			};
		};
		D4D5EA9C07D2D59F008757C6 = {
			fileEncoding = 4;
			isa = PBXFileReference;
			lastKnownFileType = sourcecode.c.h;
			path = SearchResultsPanel.h;
			refType = 4;
			sourceTree = "<group>";
		};
		D4D5EA9D07D2D59F008757C6 = {
			fileEncoding = 4;
			isa = PBXFileReference;
			lastKnownFileType = sourcecode.c.objc;
			path = SearchResultsPanel.m;
			refType = 4;
			sourceTree = "<group>";
		};
		D4D5EA9E07D2D59F008757C6 = {
			fileRef = D4D5EA9C07D2D59F008757C6;
			isa = PBXBuildFile;
			settings = {
			};
		};
		D4D5EA9F07D2D59F008757C6 = {
			fileRef = D4D5EA9D07D2D59F008757C6;
			isa = PBXBuildFile;
			settings = {
			};
		};
		D4E600D4081C299E00641C1D = {
			explicitFileType = wrapper.application;
			includeInIndex = 0;
			isa = PBXFileReference;
			path = TuneSift.app;
			refType = 3;
			sourceTree = BUILT_PRODUCTS_DIR;
		};
	};
	rootObject = 29B97313FDCFA39411CA2CEA;
}
